// !$*UTF8*$!
{
	archiveVersion = 1;
	classes = {
	};
	objectVersion = 50;
	objects = {

/* Begin PBXBuildFile section */
		33E01E2A25F582FE00234185 /* NotesStoryboard WatchKit App.app in Embed Watch Content */ = {isa = PBXBuildFile; fileRef = 33E01E2925F582FE00234185 /* NotesStoryboard WatchKit App.app */; settings = {ATTRIBUTES = (RemoveHeadersOnCopy, ); }; };
		33E01E3025F582FE00234185 /* Interface.storyboard in Resources */ = {isa = PBXBuildFile; fileRef = 33E01E2E25F582FE00234185 /* Interface.storyboard */; };
		33E01E3225F5830100234185 /* Assets.xcassets in Resources */ = {isa = PBXBuildFile; fileRef = 33E01E3125F5830100234185 /* Assets.xcassets */; };
		33E01E3925F5830100234185 /* NotesStoryboard WatchKit Extension.appex in Embed App Extensions */ = {isa = PBXBuildFile; fileRef = 33E01E3825F5830100234185 /* NotesStoryboard WatchKit Extension.appex */; settings = {ATTRIBUTES = (RemoveHeadersOnCopy, ); }; };
		33E01E3E25F5830100234185 /* InterfaceController.swift in Sources */ = {isa = PBXBuildFile; fileRef = 33E01E3D25F5830100234185 /* InterfaceController.swift */; };
		33E01E4025F5830100234185 /* ExtensionDelegate.swift in Sources */ = {isa = PBXBuildFile; fileRef = 33E01E3F25F5830100234185 /* ExtensionDelegate.swift */; };
		33E01E4225F5830100234185 /* ComplicationController.swift in Sources */ = {isa = PBXBuildFile; fileRef = 33E01E4125F5830100234185 /* ComplicationController.swift */; };
		33E01E4425F5830200234185 /* Assets.xcassets in Resources */ = {isa = PBXBuildFile; fileRef = 33E01E4325F5830200234185 /* Assets.xcassets */; };
		33E01E5725F583DC00234185 /* DetailController.swift in Sources */ = {isa = PBXBuildFile; fileRef = 33E01E5625F583DC00234185 /* DetailController.swift */; };
		33E01E5C25F583F300234185 /* TableRowController.swift in Sources */ = {isa = PBXBuildFile; fileRef = 33E01E5B25F583F300234185 /* TableRowController.swift */; };
		33E01EBE25F594FE00234185 /* Model.swift in Sources */ = {isa = PBXBuildFile; fileRef = 33E01EBD25F594FE00234185 /* Model.swift */; };
/* End PBXBuildFile section */

/* Begin PBXContainerItemProxy section */
		33E01E2B25F582FE00234185 /* PBXContainerItemProxy */ = {
			isa = PBXContainerItemProxy;
			containerPortal = 33E01E1F25F582FD00234185 /* Project object */;
			proxyType = 1;
			remoteGlobalIDString = 33E01E2825F582FE00234185;
			remoteInfo = "Table WatchKit App";
		};
		33E01E3A25F5830100234185 /* PBXContainerItemProxy */ = {
			isa = PBXContainerItemProxy;
			containerPortal = 33E01E1F25F582FD00234185 /* Project object */;
			proxyType = 1;
			remoteGlobalIDString = 33E01E3725F5830100234185;
			remoteInfo = "Table WatchKit Extension";
		};
/* End PBXContainerItemProxy section */

/* Begin PBXCopyFilesBuildPhase section */
		33E01E4B25F5830200234185 /* Embed App Extensions */ = {
			isa = PBXCopyFilesBuildPhase;
			buildActionMask = 2147483647;
			dstPath = "";
			dstSubfolderSpec = 13;
			files = (
				33E01E3925F5830100234185 /* NotesStoryboard WatchKit Extension.appex in Embed App Extensions */,
			);
			name = "Embed App Extensions";
			runOnlyForDeploymentPostprocessing = 0;
		};
		33E01E4F25F5830200234185 /* Embed Watch Content */ = {
			isa = PBXCopyFilesBuildPhase;
			buildActionMask = 2147483647;
			dstPath = "$(CONTENTS_FOLDER_PATH)/Watch";
			dstSubfolderSpec = 16;
			files = (
				33E01E2A25F582FE00234185 /* NotesStoryboard WatchKit App.app in Embed Watch Content */,
			);
			name = "Embed Watch Content";
			runOnlyForDeploymentPostprocessing = 0;
		};
/* End PBXCopyFilesBuildPhase section */

/* Begin PBXFileReference section */
		33E01E2525F582FD00234185 /* NotesStoryboard.app */ = {isa = PBXFileReference; explicitFileType = wrapper.application; includeInIndex = 0; path = NotesStoryboard.app; sourceTree = BUILT_PRODUCTS_DIR; };
		33E01E2925F582FE00234185 /* NotesStoryboard WatchKit App.app */ = {isa = PBXFileReference; explicitFileType = wrapper.application; includeInIndex = 0; path = "NotesStoryboard WatchKit App.app"; sourceTree = BUILT_PRODUCTS_DIR; };
		33E01E2F25F582FE00234185 /* Base */ = {isa = PBXFileReference; lastKnownFileType = file.storyboard; name = Base; path = Base.lproj/Interface.storyboard; sourceTree = "<group>"; };
		33E01E3125F5830100234185 /* Assets.xcassets */ = {isa = PBXFileReference; lastKnownFileType = folder.assetcatalog; path = Assets.xcassets; sourceTree = "<group>"; };
		33E01E3325F5830100234185 /* Info.plist */ = {isa = PBXFileReference; lastKnownFileType = text.plist.xml; path = Info.plist; sourceTree = "<group>"; };
		33E01E3825F5830100234185 /* NotesStoryboard WatchKit Extension.appex */ = {isa = PBXFileReference; explicitFileType = "wrapper.app-extension"; includeInIndex = 0; path = "NotesStoryboard WatchKit Extension.appex"; sourceTree = BUILT_PRODUCTS_DIR; };
		33E01E3D25F5830100234185 /* InterfaceController.swift */ = {isa = PBXFileReference; lastKnownFileType = sourcecode.swift; path = InterfaceController.swift; sourceTree = "<group>"; };
		33E01E3F25F5830100234185 /* ExtensionDelegate.swift */ = {isa = PBXFileReference; lastKnownFileType = sourcecode.swift; path = ExtensionDelegate.swift; sourceTree = "<group>"; };
		33E01E4125F5830100234185 /* ComplicationController.swift */ = {isa = PBXFileReference; lastKnownFileType = sourcecode.swift; path = ComplicationController.swift; sourceTree = "<group>"; };
		33E01E4325F5830200234185 /* Assets.xcassets */ = {isa = PBXFileReference; lastKnownFileType = folder.assetcatalog; path = Assets.xcassets; sourceTree = "<group>"; };
		33E01E4525F5830200234185 /* Info.plist */ = {isa = PBXFileReference; lastKnownFileType = text.plist.xml; path = Info.plist; sourceTree = "<group>"; };
		33E01E5625F583DC00234185 /* DetailController.swift */ = {isa = PBXFileReference; lastKnownFileType = sourcecode.swift; path = DetailController.swift; sourceTree = "<group>"; };
		33E01E5B25F583F300234185 /* TableRowController.swift */ = {isa = PBXFileReference; lastKnownFileType = sourcecode.swift; path = TableRowController.swift; sourceTree = "<group>"; };
		33E01EBD25F594FE00234185 /* Model.swift */ = {isa = PBXFileReference; fileEncoding = 4; lastKnownFileType = sourcecode.swift; path = Model.swift; sourceTree = "<group>"; };
/* End PBXFileReference section */

/* Begin PBXFrameworksBuildPhase section */
		33E01E3525F5830100234185 /* Frameworks */ = {
			isa = PBXFrameworksBuildPhase;
			buildActionMask = 2147483647;
			files = (
			);
			runOnlyForDeploymentPostprocessing = 0;
		};
/* End PBXFrameworksBuildPhase section */

/* Begin PBXGroup section */
		33E01E1E25F582FD00234185 = {
			isa = PBXGroup;
			children = (
				33E01E2D25F582FE00234185 /* NotesStoryboard WatchKit App */,
				33E01E3C25F5830100234185 /* NotesStoryboard WatchKit Extension */,
				33E01E2625F582FD00234185 /* Products */,
			);
			sourceTree = "<group>";
		};
		33E01E2625F582FD00234185 /* Products */ = {
			isa = PBXGroup;
			children = (
				33E01E2525F582FD00234185 /* NotesStoryboard.app */,
				33E01E2925F582FE00234185 /* NotesStoryboard WatchKit App.app */,
				33E01E3825F5830100234185 /* NotesStoryboard WatchKit Extension.appex */,
			);
			name = Products;
			sourceTree = "<group>";
		};
		33E01E2D25F582FE00234185 /* NotesStoryboard WatchKit App */ = {
			isa = PBXGroup;
			children = (
				33E01E2E25F582FE00234185 /* Interface.storyboard */,
				33E01E3125F5830100234185 /* Assets.xcassets */,
				33E01E3325F5830100234185 /* Info.plist */,
			);
			path = "NotesStoryboard WatchKit App";
			sourceTree = "<group>";
		};
		33E01E3C25F5830100234185 /* NotesStoryboard WatchKit Extension */ = {
			isa = PBXGroup;
			children = (
				33E01EE125F62CD500234185 /* Model */,
				33E01EE025F62CCA00234185 /* Controller */,
				33E01E3F25F5830100234185 /* ExtensionDelegate.swift */,
				33E01E4125F5830100234185 /* ComplicationController.swift */,
				33E01E4325F5830200234185 /* Assets.xcassets */,
				33E01E4525F5830200234185 /* Info.plist */,
			);
			path = "NotesStoryboard WatchKit Extension";
			sourceTree = "<group>";
		};
		33E01EE025F62CCA00234185 /* Controller */ = {
			isa = PBXGroup;
			children = (
				33E01E3D25F5830100234185 /* InterfaceController.swift */,
				33E01E5625F583DC00234185 /* DetailController.swift */,
				33E01E5B25F583F300234185 /* TableRowController.swift */,
			);
			path = Controller;
			sourceTree = "<group>";
		};
		33E01EE125F62CD500234185 /* Model */ = {
			isa = PBXGroup;
			children = (
				33E01EBD25F594FE00234185 /* Model.swift */,
			);
			path = Model;
			sourceTree = "<group>";
		};
/* End PBXGroup section */

/* Begin PBXNativeTarget section */
		33E01E2425F582FD00234185 /* NotesStoryboard */ = {
			isa = PBXNativeTarget;
			buildConfigurationList = 33E01E5025F5830200234185 /* Build configuration list for PBXNativeTarget "NotesStoryboard" */;
			buildPhases = (
				33E01E2325F582FD00234185 /* Resources */,
				33E01E4F25F5830200234185 /* Embed Watch Content */,
			);
			buildRules = (
			);
			dependencies = (
				33E01E2C25F582FE00234185 /* PBXTargetDependency */,
			);
			name = NotesStoryboard;
			productName = Table;
			productReference = 33E01E2525F582FD00234185 /* NotesStoryboard.app */;
			productType = "com.apple.product-type.application.watchapp2-container";
		};
		33E01E2825F582FE00234185 /* NotesStoryboard WatchKit App */ = {
			isa = PBXNativeTarget;
			buildConfigurationList = 33E01E4C25F5830200234185 /* Build configuration list for PBXNativeTarget "NotesStoryboard WatchKit App" */;
			buildPhases = (
				33E01E2725F582FE00234185 /* Resources */,
				33E01E4B25F5830200234185 /* Embed App Extensions */,
			);
			buildRules = (
			);
			dependencies = (
				33E01E3B25F5830100234185 /* PBXTargetDependency */,
			);
			name = "NotesStoryboard WatchKit App";
			productName = "Table WatchKit App";
			productReference = 33E01E2925F582FE00234185 /* NotesStoryboard WatchKit App.app */;
			productType = "com.apple.product-type.application.watchapp2";
		};
		33E01E3725F5830100234185 /* NotesStoryboard WatchKit Extension */ = {
			isa = PBXNativeTarget;
			buildConfigurationList = 33E01E4825F5830200234185 /* Build configuration list for PBXNativeTarget "NotesStoryboard WatchKit Extension" */;
			buildPhases = (
				33E01E3425F5830100234185 /* Sources */,
				33E01E3525F5830100234185 /* Frameworks */,
				33E01E3625F5830100234185 /* Resources */,
			);
			buildRules = (
			);
			dependencies = (
			);
			name = "NotesStoryboard WatchKit Extension";
			productName = "Table WatchKit Extension";
			productReference = 33E01E3825F5830100234185 /* NotesStoryboard WatchKit Extension.appex */;
			productType = "com.apple.product-type.watchkit2-extension";
		};
/* End PBXNativeTarget section */

/* Begin PBXProject section */
		33E01E1F25F582FD00234185 /* Project object */ = {
			isa = PBXProject;
			attributes = {
				LastSwiftUpdateCheck = 1240;
				LastUpgradeCheck = 1240;
				TargetAttributes = {
					33E01E2425F582FD00234185 = {
						CreatedOnToolsVersion = 12.4;
					};
					33E01E2825F582FE00234185 = {
						CreatedOnToolsVersion = 12.4;
					};
					33E01E3725F5830100234185 = {
						CreatedOnToolsVersion = 12.4;
					};
				};
			};
			buildConfigurationList = 33E01E2225F582FD00234185 /* Build configuration list for PBXProject "NotesStoryboard" */;
			compatibilityVersion = "Xcode 9.3";
			developmentRegion = en;
			hasScannedForEncodings = 0;
			knownRegions = (
				en,
				Base,
			);
			mainGroup = 33E01E1E25F582FD00234185;
			productRefGroup = 33E01E2625F582FD00234185 /* Products */;
			projectDirPath = "";
			projectRoot = "";
			targets = (
				33E01E2425F582FD00234185 /* NotesStoryboard */,
				33E01E2825F582FE00234185 /* NotesStoryboard WatchKit App */,
				33E01E3725F5830100234185 /* NotesStoryboard WatchKit Extension */,
			);
		};
/* End PBXProject section */

/* Begin PBXResourcesBuildPhase section */
		33E01E2325F582FD00234185 /* Resources */ = {
			isa = PBXResourcesBuildPhase;
			buildActionMask = 2147483647;
			files = (
			);
			runOnlyForDeploymentPostprocessing = 0;
		};
		33E01E2725F582FE00234185 /* Resources */ = {
			isa = PBXResourcesBuildPhase;
			buildActionMask = 2147483647;
			files = (
				33E01E3225F5830100234185 /* Assets.xcassets in Resources */,
				33E01E3025F582FE00234185 /* Interface.storyboard in Resources */,
			);
			runOnlyForDeploymentPostprocessing = 0;
		};
		33E01E3625F5830100234185 /* Resources */ = {
			isa = PBXResourcesBuildPhase;
			buildActionMask = 2147483647;
			files = (
				33E01E4425F5830200234185 /* Assets.xcassets in Resources */,
			);
			runOnlyForDeploymentPostprocessing = 0;
		};
/* End PBXResourcesBuildPhase section */

/* Begin PBXSourcesBuildPhase section */
		33E01E3425F5830100234185 /* Sources */ = {
			isa = PBXSourcesBuildPhase;
			buildActionMask = 2147483647;
			files = (
				33E01E5725F583DC00234185 /* DetailController.swift in Sources */,
				33E01E4025F5830100234185 /* ExtensionDelegate.swift in Sources */,
				33E01E5C25F583F300234185 /* TableRowController.swift in Sources */,
				33E01EBE25F594FE00234185 /* Model.swift in Sources */,
				33E01E3E25F5830100234185 /* InterfaceController.swift in Sources */,
				33E01E4225F5830100234185 /* ComplicationController.swift in Sources */,
			);
			runOnlyForDeploymentPostprocessing = 0;
		};
/* End PBXSourcesBuildPhase section */

/* Begin PBXTargetDependency section */
		33E01E2C25F582FE00234185 /* PBXTargetDependency */ = {
			isa = PBXTargetDependency;
			target = 33E01E2825F582FE00234185 /* NotesStoryboard WatchKit App */;
			targetProxy = 33E01E2B25F582FE00234185 /* PBXContainerItemProxy */;
		};
		33E01E3B25F5830100234185 /* PBXTargetDependency */ = {
			isa = PBXTargetDependency;
			target = 33E01E3725F5830100234185 /* NotesStoryboard WatchKit Extension */;
			targetProxy = 33E01E3A25F5830100234185 /* PBXContainerItemProxy */;
		};
/* End PBXTargetDependency section */

/* Begin PBXVariantGroup section */
		33E01E2E25F582FE00234185 /* Interface.storyboard */ = {
			isa = PBXVariantGroup;
			children = (
				33E01E2F25F582FE00234185 /* Base */,
			);
			name = Interface.storyboard;
			sourceTree = "<group>";
		};
/* End PBXVariantGroup section */

/* Begin XCBuildConfiguration section */
		33E01E4625F5830200234185 /* Debug */ = {
			isa = XCBuildConfiguration;
			buildSettings = {
				ALWAYS_SEARCH_USER_PATHS = NO;
				CLANG_ANALYZER_NONNULL = YES;
				CLANG_ANALYZER_NUMBER_OBJECT_CONVERSION = YES_AGGRESSIVE;
				CLANG_CXX_LANGUAGE_STANDARD = "gnu++14";
				CLANG_CXX_LIBRARY = "libc++";
				CLANG_ENABLE_MODULES = YES;
				CLANG_ENABLE_OBJC_ARC = YES;
				CLANG_ENABLE_OBJC_WEAK = YES;
				CLANG_WARN_BLOCK_CAPTURE_AUTORELEASING = YES;
				CLANG_WARN_BOOL_CONVERSION = YES;
				CLANG_WARN_COMMA = YES;
				CLANG_WARN_CONSTANT_CONVERSION = YES;
				CLANG_WARN_DEPRECATED_OBJC_IMPLEMENTATIONS = YES;
				CLANG_WARN_DIRECT_OBJC_ISA_USAGE = YES_ERROR;
				CLANG_WARN_DOCUMENTATION_COMMENTS = YES;
				CLANG_WARN_EMPTY_BODY = YES;
				CLANG_WARN_ENUM_CONVERSION = YES;
				CLANG_WARN_INFINITE_RECURSION = YES;
				CLANG_WARN_INT_CONVERSION = YES;
				CLANG_WARN_NON_LITERAL_NULL_CONVERSION = YES;
				CLANG_WARN_OBJC_IMPLICIT_RETAIN_SELF = YES;
				CLANG_WARN_OBJC_LITERAL_CONVERSION = YES;
				CLANG_WARN_OBJC_ROOT_CLASS = YES_ERROR;
				CLANG_WARN_QUOTED_INCLUDE_IN_FRAMEWORK_HEADER = YES;
				CLANG_WARN_RANGE_LOOP_ANALYSIS = YES;
				CLANG_WARN_STRICT_PROTOTYPES = YES;
				CLANG_WARN_SUSPICIOUS_MOVE = YES;
				CLANG_WARN_UNGUARDED_AVAILABILITY = YES_AGGRESSIVE;
				CLANG_WARN_UNREACHABLE_CODE = YES;
				CLANG_WARN__DUPLICATE_METHOD_MATCH = YES;
				COPY_PHASE_STRIP = NO;
				DEBUG_INFORMATION_FORMAT = dwarf;
				ENABLE_STRICT_OBJC_MSGSEND = YES;
				ENABLE_TESTABILITY = YES;
				GCC_C_LANGUAGE_STANDARD = gnu11;
				GCC_DYNAMIC_NO_PIC = NO;
				GCC_NO_COMMON_BLOCKS = YES;
				GCC_OPTIMIZATION_LEVEL = 0;
				GCC_PREPROCESSOR_DEFINITIONS = (
					"DEBUG=1",
					"$(inherited)",
				);
				GCC_WARN_64_TO_32_BIT_CONVERSION = YES;
				GCC_WARN_ABOUT_RETURN_TYPE = YES_ERROR;
				GCC_WARN_UNDECLARED_SELECTOR = YES;
				GCC_WARN_UNINITIALIZED_AUTOS = YES_AGGRESSIVE;
				GCC_WARN_UNUSED_FUNCTION = YES;
				GCC_WARN_UNUSED_VARIABLE = YES;
				IPHONEOS_DEPLOYMENT_TARGET = 13.0;
				MTL_ENABLE_DEBUG_INFO = INCLUDE_SOURCE;
				MTL_FAST_MATH = YES;
				ONLY_ACTIVE_ARCH = YES;
				SDKROOT = iphoneos;
				SWIFT_ACTIVE_COMPILATION_CONDITIONS = DEBUG;
				SWIFT_OPTIMIZATION_LEVEL = "-Onone";
			};
			name = Debug;
		};
		33E01E4725F5830200234185 /* Release */ = {
			isa = XCBuildConfiguration;
			buildSettings = {
				ALWAYS_SEARCH_USER_PATHS = NO;
				CLANG_ANALYZER_NONNULL = YES;
				CLANG_ANALYZER_NUMBER_OBJECT_CONVERSION = YES_AGGRESSIVE;
				CLANG_CXX_LANGUAGE_STANDARD = "gnu++14";
				CLANG_CXX_LIBRARY = "libc++";
				CLANG_ENABLE_MODULES = YES;
				CLANG_ENABLE_OBJC_ARC = YES;
				CLANG_ENABLE_OBJC_WEAK = YES;
				CLANG_WARN_BLOCK_CAPTURE_AUTORELEASING = YES;
				CLANG_WARN_BOOL_CONVERSION = YES;
				CLANG_WARN_COMMA = YES;
				CLANG_WARN_CONSTANT_CONVERSION = YES;
				CLANG_WARN_DEPRECATED_OBJC_IMPLEMENTATIONS = YES;
				CLANG_WARN_DIRECT_OBJC_ISA_USAGE = YES_ERROR;
				CLANG_WARN_DOCUMENTATION_COMMENTS = YES;
				CLANG_WARN_EMPTY_BODY = YES;
				CLANG_WARN_ENUM_CONVERSION = YES;
				CLANG_WARN_INFINITE_RECURSION = YES;
				CLANG_WARN_INT_CONVERSION = YES;
				CLANG_WARN_NON_LITERAL_NULL_CONVERSION = YES;
				CLANG_WARN_OBJC_IMPLICIT_RETAIN_SELF = YES;
				CLANG_WARN_OBJC_LITERAL_CONVERSION = YES;
				CLANG_WARN_OBJC_ROOT_CLASS = YES_ERROR;
				CLANG_WARN_QUOTED_INCLUDE_IN_FRAMEWORK_HEADER = YES;
				CLANG_WARN_RANGE_LOOP_ANALYSIS = YES;
				CLANG_WARN_STRICT_PROTOTYPES = YES;
				CLANG_WARN_SUSPICIOUS_MOVE = YES;
				CLANG_WARN_UNGUARDED_AVAILABILITY = YES_AGGRESSIVE;
				CLANG_WARN_UNREACHABLE_CODE = YES;
				CLANG_WARN__DUPLICATE_METHOD_MATCH = YES;
				COPY_PHASE_STRIP = NO;
				DEBUG_INFORMATION_FORMAT = "dwarf-with-dsym";
				ENABLE_NS_ASSERTIONS = NO;
				ENABLE_STRICT_OBJC_MSGSEND = YES;
				GCC_C_LANGUAGE_STANDARD = gnu11;
				GCC_NO_COMMON_BLOCKS = YES;
				GCC_WARN_64_TO_32_BIT_CONVERSION = YES;
				GCC_WARN_ABOUT_RETURN_TYPE = YES_ERROR;
				GCC_WARN_UNDECLARED_SELECTOR = YES;
				GCC_WARN_UNINITIALIZED_AUTOS = YES_AGGRESSIVE;
				GCC_WARN_UNUSED_FUNCTION = YES;
				GCC_WARN_UNUSED_VARIABLE = YES;
				IPHONEOS_DEPLOYMENT_TARGET = 13.0;
				MTL_ENABLE_DEBUG_INFO = NO;
				MTL_FAST_MATH = YES;
				SDKROOT = iphoneos;
				SWIFT_COMPILATION_MODE = wholemodule;
				SWIFT_OPTIMIZATION_LEVEL = "-O";
				VALIDATE_PRODUCT = YES;
			};
			name = Release;
		};
		33E01E4925F5830200234185 /* Debug */ = {
			isa = XCBuildConfiguration;
			buildSettings = {
				ASSETCATALOG_COMPILER_COMPLICATION_NAME = Complication;
				CODE_SIGN_STYLE = Automatic;
				DEVELOPMENT_TEAM = X889W2W8F6;
				INFOPLIST_FILE = "NotesStoryboard WatchKit Extension/Info.plist";
				LD_RUNPATH_SEARCH_PATHS = (
					"$(inherited)",
					"@executable_path/Frameworks",
					"@executable_path/../../Frameworks",
				);
				PRODUCT_BUNDLE_IDENTIFIER = club.plus1.NotesStoryboard.watchkitapp.watchkitextension;
				PRODUCT_NAME = "${TARGET_NAME}";
				SDKROOT = watchos;
				SKIP_INSTALL = YES;
				SWIFT_VERSION = 5.0;
				TARGETED_DEVICE_FAMILY = 4;
				WATCHOS_DEPLOYMENT_TARGET = 7.2;
			};
			name = Debug;
		};
		33E01E4A25F5830200234185 /* Release */ = {
			isa = XCBuildConfiguration;
			buildSettings = {
				ASSETCATALOG_COMPILER_COMPLICATION_NAME = Complication;
				CODE_SIGN_STYLE = Automatic;
				DEVELOPMENT_TEAM = X889W2W8F6;
				INFOPLIST_FILE = "NotesStoryboard WatchKit Extension/Info.plist";
				LD_RUNPATH_SEARCH_PATHS = (
					"$(inherited)",
					"@executable_path/Frameworks",
					"@executable_path/../../Frameworks",
				);
				PRODUCT_BUNDLE_IDENTIFIER = club.plus1.NotesStoryboard.watchkitapp.watchkitextension;
				PRODUCT_NAME = "${TARGET_NAME}";
				SDKROOT = watchos;
				SKIP_INSTALL = YES;
				SWIFT_VERSION = 5.0;
				TARGETED_DEVICE_FAMILY = 4;
				WATCHOS_DEPLOYMENT_TARGET = 7.2;
			};
			name = Release;
		};
		33E01E4D25F5830200234185 /* Debug */ = {
			isa = XCBuildConfiguration;
			buildSettings = {
				ALWAYS_EMBED_SWIFT_STANDARD_LIBRARIES = YES;
				ASSETCATALOG_COMPILER_APPICON_NAME = AppIcon;
				ASSETCATALOG_COMPILER_GLOBAL_ACCENT_COLOR_NAME = AccentColor;
				CODE_SIGN_STYLE = Automatic;
				DEVELOPMENT_TEAM = X889W2W8F6;
				IBSC_MODULE = NotesStoryboard_WatchKit_Extension;
				INFOPLIST_FILE = "NotesStoryboard WatchKit App/Info.plist";
				PRODUCT_BUNDLE_IDENTIFIER = club.plus1.NotesStoryboard.watchkitapp;
				PRODUCT_NAME = "$(TARGET_NAME)";
				SDKROOT = watchos;
				SKIP_INSTALL = YES;
				SWIFT_VERSION = 5.0;
				TARGETED_DEVICE_FAMILY = 4;
				WATCHOS_DEPLOYMENT_TARGET = 7.2;
			};
			name = Debug;
		};
		33E01E4E25F5830200234185 /* Release */ = {
			isa = XCBuildConfiguration;
			buildSettings = {
				ALWAYS_EMBED_SWIFT_STANDARD_LIBRARIES = YES;
				ASSETCATALOG_COMPILER_APPICON_NAME = AppIcon;
				ASSETCATALOG_COMPILER_GLOBAL_ACCENT_COLOR_NAME = AccentColor;
				CODE_SIGN_STYLE = Automatic;
				DEVELOPMENT_TEAM = X889W2W8F6;
				IBSC_MODULE = NotesStoryboard_WatchKit_Extension;
				INFOPLIST_FILE = "NotesStoryboard WatchKit App/Info.plist";
				PRODUCT_BUNDLE_IDENTIFIER = club.plus1.NotesStoryboard.watchkitapp;
				PRODUCT_NAME = "$(TARGET_NAME)";
				SDKROOT = watchos;
				SKIP_INSTALL = YES;
				SWIFT_VERSION = 5.0;
				TARGETED_DEVICE_FAMILY = 4;
				WATCHOS_DEPLOYMENT_TARGET = 7.2;
			};
			name = Release;
		};
		33E01E5125F5830200234185 /* Debug */ = {
			isa = XCBuildConfiguration;
			buildSettings = {
				CODE_SIGN_STYLE = Automatic;
				CURRENT_PROJECT_VERSION = 1;
				DEVELOPMENT_TEAM = X889W2W8F6;
				MARKETING_VERSION = 1.0;
				PRODUCT_BUNDLE_IDENTIFIER = club.plus1.NotesStoryboard;
				PRODUCT_NAME = "$(TARGET_NAME)";
				SWIFT_VERSION = 5.0;
			};
			name = Debug;
		};
		33E01E5225F5830200234185 /* Release */ = {
			isa = XCBuildConfiguration;
			buildSettings = {
				CODE_SIGN_STYLE = Automatic;
				CURRENT_PROJECT_VERSION = 1;
				DEVELOPMENT_TEAM = X889W2W8F6;
				MARKETING_VERSION = 1.0;
				PRODUCT_BUNDLE_IDENTIFIER = club.plus1.NotesStoryboard;
				PRODUCT_NAME = "$(TARGET_NAME)";
				SWIFT_VERSION = 5.0;
			};
			name = Release;
		};
/* End XCBuildConfiguration section */

/* Begin XCConfigurationList section */
		33E01E2225F582FD00234185 /* Build configuration list for PBXProject "NotesStoryboard" */ = {
			isa = XCConfigurationList;
			buildConfigurations = (
				33E01E4625F5830200234185 /* Debug */,
				33E01E4725F5830200234185 /* Release */,
			);
			defaultConfigurationIsVisible = 0;
			defaultConfigurationName = Release;
		};
		33E01E4825F5830200234185 /* Build configuration list for PBXNativeTarget "NotesStoryboard WatchKit Extension" */ = {
			isa = XCConfigurationList;
			buildConfigurations = (
				33E01E4925F5830200234185 /* Debug */,
				33E01E4A25F5830200234185 /* Release */,
			);
			defaultConfigurationIsVisible = 0;
			defaultConfigurationName = Release;
		};
		33E01E4C25F5830200234185 /* Build configuration list for PBXNativeTarget "NotesStoryboard WatchKit App" */ = {
			isa = XCConfigurationList;
			buildConfigurations = (
				33E01E4D25F5830200234185 /* Debug */,
				33E01E4E25F5830200234185 /* Release */,
			);
			defaultConfigurationIsVisible = 0;
			defaultConfigurationName = Release;
		};
		33E01E5025F5830200234185 /* Build configuration list for PBXNativeTarget "NotesStoryboard" */ = {
			isa = XCConfigurationList;
			buildConfigurations = (
				33E01E5125F5830200234185 /* Debug */,
				33E01E5225F5830200234185 /* Release */,
			);
			defaultConfigurationIsVisible = 0;
			defaultConfigurationName = Release;
		};
/* End XCConfigurationList section */
	};
	rootObject = 33E01E1F25F582FD00234185 /* Project object */;
}
